# This file is generated by running "yarn install" inside your project.
# Manual changes might be lost - proceed with caution!

__metadata:
  version: 8
  cacheKey: 10c0

"embleema@workspace:.":
  version: 0.0.0-use.local
  resolution: "embleema@workspace:."
  dependencies:
    turbo: "npm:^1.12.5"
  languageName: unknown
  linkType: soft

"turbo-darwin-64@npm:1.12.5":
  version: 1.12.5
  resolution: "turbo-darwin-64@npm:1.12.5"
  conditions: os=darwin & cpu=x64
  languageName: node
  linkType: hard

"turbo-darwin-arm64@npm:1.12.5":
  version: 1.12.5
  resolution: "turbo-darwin-arm64@npm:1.12.5"
  conditions: os=darwin & cpu=arm64
  languageName: node
  linkType: hard

"turbo-linux-64@npm:1.12.5":
  version: 1.12.5
  resolution: "turbo-linux-64@npm:1.12.5"
  conditions: os=linux & cpu=x64
  languageName: node
  linkType: hard

"turbo-linux-arm64@npm:1.12.5":
  version: 1.12.5
  resolution: "turbo-linux-arm64@npm:1.12.5"
  conditions: os=linux & cpu=arm64
  languageName: node
  linkType: hard

"turbo-windows-64@npm:1.12.5":
  version: 1.12.5
  resolution: "turbo-windows-64@npm:1.12.5"
  conditions: os=win32 & cpu=x64
  languageName: node
  linkType: hard

"turbo-windows-arm64@npm:1.12.5":
  version: 1.12.5
  resolution: "turbo-windows-arm64@npm:1.12.5"
  conditions: os=win32 & cpu=arm64
  languageName: node
  linkType: hard

"turbo@npm:^1.12.5":
  version: 1.12.5
  resolution: "turbo@npm:1.12.5"
  dependencies:
    turbo-darwin-64: "npm:1.12.5"
    turbo-darwin-arm64: "npm:1.12.5"
    turbo-linux-64: "npm:1.12.5"
    turbo-linux-arm64: "npm:1.12.5"
    turbo-windows-64: "npm:1.12.5"
    turbo-windows-arm64: "npm:1.12.5"
  dependenciesMeta:
    turbo-darwin-64:
      optional: true
    turbo-darwin-arm64:
      optional: true
    turbo-linux-64:
      optional: true
    turbo-linux-arm64:
      optional: true
    turbo-windows-64:
      optional: true
    turbo-windows-arm64:
      optional: true
  bin:
    turbo: bin/turbo
  checksum: 10c0/87c5891808b6c5f9a1e9e0179c4d2b1560fdd1b15753840464fb35d6b68208747f6deae93703ec9a5b95db65def95eff36d3670432e5613d427be6b896036dcd
  languageName: node
  linkType: hard
